
Microsoft Visual Studio Solution File, Format Version 12.00
# Visual Studio Version 17
VisualStudioVersion = 17.1.32319.34
MinimumVisualStudioVersion = 10.0.40219.1
Project("{FAE04EC0-301F-11D3-BF4B-00C04F79EFBC}") = "FreeBook", "FreeBook\FreeBook.csproj", "{1EB9BE17-E90D-466E-B67B-4C2B84CAC154}"
EndProject
Project("{FAE04EC0-301F-11D3-BF4B-00C04F79EFBC}") = "Domin", "Domin\Domin.csproj", "{8B71BF37-BBF2-4527-8F94-FF50CC29E555}"
EndProject
Project("{FAE04EC0-301F-11D3-BF4B-00C04F79EFBC}") = "Infrastructure", "Infrastructure\Infrastructure.csproj", "{101CCC69-C9BA-4ACC-9429-FA61BBE5B332}"
EndProject
Global
	GlobalSection(SolutionConfigurationPlatforms) = preSolution
		Debug|Any CPU = Debug|Any CPU
		Release|Any CPU = Release|Any CPU
	EndGlobalSection
	GlobalSection(ProjectConfigurationPlatforms) = postSolution
		{1EB9BE17-E90D-466E-B67B-4C2B84CAC154}.Debug|Any CPU.ActiveCfg = Debug|Any CPU
		{1EB9BE17-E90D-466E-B67B-4C2B84CAC154}.Debug|Any CPU.Build.0 = Debug|Any CPU
		{1EB9BE17-E90D-466E-B67B-4C2B84CAC154}.Release|Any CPU.ActiveCfg = Release|Any CPU
		{1EB9BE17-E90D-466E-B67B-4C2B84CAC154}.Release|Any CPU.Build.0 = Release|Any CPU
		{8B71BF37-BBF2-4527-8F94-FF50CC29E555}.Debug|Any CPU.ActiveCfg = Debug|Any CPU
		{8B71BF37-BBF2-4527-8F94-FF50CC29E555}.Debug|Any CPU.Build.0 = Debug|Any CPU
		{8B71BF37-BBF2-4527-8F94-FF50CC29E555}.Release|Any CPU.ActiveCfg = Release|Any CPU
		{8B71BF37-BBF2-4527-8F94-FF50CC29E555}.Release|Any CPU.Build.0 = Release|Any CPU
		{101CCC69-C9BA-4ACC-9429-FA61BBE5B332}.Debug|Any CPU.ActiveCfg = Debug|Any CPU
		{101CCC69-C9BA-4ACC-9429-FA61BBE5B332}.Debug|Any CPU.Build.0 = Debug|Any CPU
		{101CCC69-C9BA-4ACC-9429-FA61BBE5B332}.Release|Any CPU.ActiveCfg = Release|Any CPU
		{101CCC69-C9BA-4ACC-9429-FA61BBE5B332}.Release|Any CPU.Build.0 = Release|Any CPU
	EndGlobalSection
	GlobalSection(SolutionProperties) = preSolution
		HideSolutionNode = FALSE
	EndGlobalSection
	GlobalSection(ExtensibilityGlobals) = postSolution
		SolutionGuid = {6B09E79C-5131-42F5-BCCE-72F543163F89}
	EndGlobalSection
EndGlobal
